
Microsoft Visual Studio Solution File, Format Version 12.00
# Visual Studio Version 16
VisualStudioVersion = 16.0.29613.14
MinimumVisualStudioVersion = 10.0.40219.1
Project("{FAE04EC0-301F-11D3-BF4B-00C04F79EFBC}") = "Program1", "Program1\Program1.csproj", "{95AA1143-5802-4FFE-9CE5-D27B87E3D6D8}"
EndProject
Global
	GlobalSection(SolutionConfigurationPlatforms) = preSolution
		Debug|Any CPU = Debug|Any CPU
		Release|Any CPU = Release|Any CPU
	EndGlobalSection
	GlobalSection(ProjectConfigurationPlatforms) = postSolution
		{95AA1143-5802-4FFE-9CE5-D27B87E3D6D8}.Debug|Any CPU.ActiveCfg = Debug|Any CPU
		{95AA1143-5802-4FFE-9CE5-D27B87E3D6D8}.Debug|Any CPU.Build.0 = Debug|Any CPU
		{95AA1143-5802-4FFE-9CE5-D27B87E3D6D8}.Release|Any CPU.ActiveCfg = Release|Any CPU
		{95AA1143-5802-4FFE-9CE5-D27B87E3D6D8}.Release|Any CPU.Build.0 = Release|Any CPU
	EndGlobalSection
	GlobalSection(SolutionProperties) = preSolution
		HideSolutionNode = FALSE
	EndGlobalSection
	GlobalSection(ExtensibilityGlobals) = postSolution
		SolutionGuid = {341F8D00-B34C-4098-9358-AE643F9CF765}
	EndGlobalSection
EndGlobal
